PODS:
  - Capacitor (7.6.0):
    - CapacitorCordova
  - CapacitorCordova (7.6.0)
  - CapacitorHaptics (7.0.4):
    - Capacitor
  - CapacitorLocalNotifications (7.0.6):
    - Capacitor

DEPENDENCIES:
  - "Capacitor (from `../../node_modules/@capacitor/ios`)"
  - "CapacitorCordova (from `../../node_modules/@capacitor/ios`)"
  - "CapacitorHaptics (from `../../node_modules/@capacitor/haptics`)"
  - "CapacitorLocalNotifications (from `../../node_modules/@capacitor/local-notifications`)"

EXTERNAL SOURCES:
  Capacitor:
    :path: "../../node_modules/@capacitor/ios"
  CapacitorCordova:
    :path: "../../node_modules/@capacitor/ios"
  CapacitorHaptics:
    :path: "../../node_modules/@capacitor/haptics"
  CapacitorLocalNotifications:
    :path: "../../node_modules/@capacitor/local-notifications"

SPEC CHECKSUMS:
  Capacitor: 6e644e9e3369368ac601c77a0fad57f34b78aaa6
  CapacitorCordova: f163aa2e84b79efc54d6a75b305bc7e05fb80c5d
  CapacitorHaptics: bf3f58fc5dc7975a7ad5b7c725e5bb5bd435ae81
  CapacitorLocalNotifications: 2e3f5b717ec9cd2bd64d93c99a9470941e1c80be

PODFILE CHECKSUM: 4863b5fdfbb849aa15048162c8e7ae722b431975

COCOAPODS: 1.16.2
